
Microsoft Visual Studio Solution File, Format Version 12.00
# Visual Studio Version 16
VisualStudioVersion = 16.0.29920.165
MinimumVisualStudioVersion = 10.0.40219.1
Project("{9A19103F-16F7-4668-BE54-9A1E7A4F7556}") = "Stazor", "Source\Stazor\Stazor.csproj", "{EA9E216B-83C4-44B6-96A1-02D46D15575B}"
EndProject
Project("{9A19103F-16F7-4668-BE54-9A1E7A4F7556}") = "Stazor.Core", "Source\Stazor.Core\Stazor.Core.csproj", "{033008FF-B179-4E1A-A83B-15958B32A6EF}"
EndProject
Global
	GlobalSection(SolutionConfigurationPlatforms) = preSolution
		Debug|Any CPU = Debug|Any CPU
		Release|Any CPU = Release|Any CPU
	EndGlobalSection
	GlobalSection(ProjectConfigurationPlatforms) = postSolution
		{EA9E216B-83C4-44B6-96A1-02D46D15575B}.Debug|Any CPU.ActiveCfg = Debug|Any CPU
		{EA9E216B-83C4-44B6-96A1-02D46D15575B}.Debug|Any CPU.Build.0 = Debug|Any CPU
		{EA9E216B-83C4-44B6-96A1-02D46D15575B}.Release|Any CPU.ActiveCfg = Release|Any CPU
		{EA9E216B-83C4-44B6-96A1-02D46D15575B}.Release|Any CPU.Build.0 = Release|Any CPU
		{033008FF-B179-4E1A-A83B-15958B32A6EF}.Debug|Any CPU.ActiveCfg = Debug|Any CPU
		{033008FF-B179-4E1A-A83B-15958B32A6EF}.Debug|Any CPU.Build.0 = Debug|Any CPU
		{033008FF-B179-4E1A-A83B-15958B32A6EF}.Release|Any CPU.ActiveCfg = Release|Any CPU
		{033008FF-B179-4E1A-A83B-15958B32A6EF}.Release|Any CPU.Build.0 = Release|Any CPU
	EndGlobalSection
	GlobalSection(SolutionProperties) = preSolution
		HideSolutionNode = FALSE
	EndGlobalSection
	GlobalSection(ExtensibilityGlobals) = postSolution
		SolutionGuid = {8BD94B82-777A-4266-A057-4F2B73161020}
	EndGlobalSection
EndGlobal
